
Microsoft Visual Studio Solution File, Format Version 12.00
# TcXaeShell Solution File, Format Version 11.00
VisualStudioVersion = 15.0.33403.129
MinimumVisualStudioVersion = 10.0.40219.1
Project("{B1E792BE-AA5F-4E3C-8C82-674BF9C0715B}") = "HMI_Hemodialysis", "HMI_Hemodialysis\HMI_Hemodialysis.tsproj", "{147157AF-9FFE-44D4-A9B2-FD67DC3DFB83}"
EndProject
Global
	GlobalSection(SolutionConfigurationPlatforms) = preSolution
		Debug|TwinCAT CE7 (ARMV7) = Debug|TwinCAT CE7 (ARMV7)
		Debug|TwinCAT OS (ARMT2) = Debug|TwinCAT OS (ARMT2)
		Debug|TwinCAT RT (x64) = Debug|TwinCAT RT (x64)
		Debug|TwinCAT RT (x86) = Debug|TwinCAT RT (x86)
		Release|TwinCAT CE7 (ARMV7) = Release|TwinCAT CE7 (ARMV7)
		Release|TwinCAT OS (ARMT2) = Release|TwinCAT OS (ARMT2)
		Release|TwinCAT RT (x64) = Release|TwinCAT RT (x64)
		Release|TwinCAT RT (x86) = Release|TwinCAT RT (x86)
	EndGlobalSection
	GlobalSection(ProjectConfigurationPlatforms) = postSolution
		{147157AF-9FFE-44D4-A9B2-FD67DC3DFB83}.Debug|TwinCAT CE7 (ARMV7).ActiveCfg = Debug|TwinCAT CE7 (ARMV7)
		{147157AF-9FFE-44D4-A9B2-FD67DC3DFB83}.Debug|TwinCAT CE7 (ARMV7).Build.0 = Debug|TwinCAT CE7 (ARMV7)
		{147157AF-9FFE-44D4-A9B2-FD67DC3DFB83}.Debug|TwinCAT OS (ARMT2).ActiveCfg = Debug|TwinCAT OS (ARMT2)
		{147157AF-9FFE-44D4-A9B2-FD67DC3DFB83}.Debug|TwinCAT OS (ARMT2).Build.0 = Debug|TwinCAT OS (ARMT2)
		{147157AF-9FFE-44D4-A9B2-FD67DC3DFB83}.Debug|TwinCAT RT (x64).ActiveCfg = Debug|TwinCAT RT (x64)
		{147157AF-9FFE-44D4-A9B2-FD67DC3DFB83}.Debug|TwinCAT RT (x64).Build.0 = Debug|TwinCAT RT (x64)
		{147157AF-9FFE-44D4-A9B2-FD67DC3DFB83}.Debug|TwinCAT RT (x86).ActiveCfg = Debug|TwinCAT RT (x86)
		{147157AF-9FFE-44D4-A9B2-FD67DC3DFB83}.Debug|TwinCAT RT (x86).Build.0 = Debug|TwinCAT RT (x86)
		{147157AF-9FFE-44D4-A9B2-FD67DC3DFB83}.Release|TwinCAT CE7 (ARMV7).ActiveCfg = Release|TwinCAT CE7 (ARMV7)
		{147157AF-9FFE-44D4-A9B2-FD67DC3DFB83}.Release|TwinCAT CE7 (ARMV7).Build.0 = Release|TwinCAT CE7 (ARMV7)
		{147157AF-9FFE-44D4-A9B2-FD67DC3DFB83}.Release|TwinCAT OS (ARMT2).ActiveCfg = Release|TwinCAT OS (ARMT2)
		{147157AF-9FFE-44D4-A9B2-FD67DC3DFB83}.Release|TwinCAT OS (ARMT2).Build.0 = Release|TwinCAT OS (ARMT2)
		{147157AF-9FFE-44D4-A9B2-FD67DC3DFB83}.Release|TwinCAT RT (x64).ActiveCfg = Release|TwinCAT RT (x64)
		{147157AF-9FFE-44D4-A9B2-FD67DC3DFB83}.Release|TwinCAT RT (x64).Build.0 = Release|TwinCAT RT (x64)
		{147157AF-9FFE-44D4-A9B2-FD67DC3DFB83}.Release|TwinCAT RT (x86).ActiveCfg = Release|TwinCAT RT (x86)
		{147157AF-9FFE-44D4-A9B2-FD67DC3DFB83}.Release|TwinCAT RT (x86).Build.0 = Release|TwinCAT RT (x86)
		{4309F436-6F2E-4D64-9276-276878FD6577}.Debug|TwinCAT CE7 (ARMV7).ActiveCfg = Debug|TwinCAT CE7 (ARMV7)
		{4309F436-6F2E-4D64-9276-276878FD6577}.Debug|TwinCAT CE7 (ARMV7).Build.0 = Debug|TwinCAT CE7 (ARMV7)
		{4309F436-6F2E-4D64-9276-276878FD6577}.Debug|TwinCAT OS (ARMT2).ActiveCfg = Debug|TwinCAT OS (ARMT2)
		{4309F436-6F2E-4D64-9276-276878FD6577}.Debug|TwinCAT OS (ARMT2).Build.0 = Debug|TwinCAT OS (ARMT2)
		{4309F436-6F2E-4D64-9276-276878FD6577}.Debug|TwinCAT RT (x64).ActiveCfg = Debug|TwinCAT RT (x64)
		{4309F436-6F2E-4D64-9276-276878FD6577}.Debug|TwinCAT RT (x64).Build.0 = Debug|TwinCAT RT (x64)
		{4309F436-6F2E-4D64-9276-276878FD6577}.Debug|TwinCAT RT (x86).ActiveCfg = Debug|TwinCAT RT (x86)
		{4309F436-6F2E-4D64-9276-276878FD6577}.Debug|TwinCAT RT (x86).Build.0 = Debug|TwinCAT RT (x86)
		{4309F436-6F2E-4D64-9276-276878FD6577}.Release|TwinCAT CE7 (ARMV7).ActiveCfg = Release|TwinCAT CE7 (ARMV7)
		{4309F436-6F2E-4D64-9276-276878FD6577}.Release|TwinCAT CE7 (ARMV7).Build.0 = Release|TwinCAT CE7 (ARMV7)
		{4309F436-6F2E-4D64-9276-276878FD6577}.Release|TwinCAT OS (ARMT2).ActiveCfg = Release|TwinCAT OS (ARMT2)
		{4309F436-6F2E-4D64-9276-276878FD6577}.Release|TwinCAT OS (ARMT2).Build.0 = Release|TwinCAT OS (ARMT2)
		{4309F436-6F2E-4D64-9276-276878FD6577}.Release|TwinCAT RT (x64).ActiveCfg = Release|TwinCAT RT (x64)
		{4309F436-6F2E-4D64-9276-276878FD6577}.Release|TwinCAT RT (x64).Build.0 = Release|TwinCAT RT (x64)
		{4309F436-6F2E-4D64-9276-276878FD6577}.Release|TwinCAT RT (x86).ActiveCfg = Release|TwinCAT RT (x86)
		{4309F436-6F2E-4D64-9276-276878FD6577}.Release|TwinCAT RT (x86).Build.0 = Release|TwinCAT RT (x86)
	EndGlobalSection
	GlobalSection(SolutionProperties) = preSolution
		HideSolutionNode = FALSE
	EndGlobalSection
	GlobalSection(ExtensibilityGlobals) = postSolution
		SolutionGuid = {304FCAFA-5384-4FC4-84AD-A0B410732BE6}
	EndGlobalSection
EndGlobal
